
Microsoft Visual Studio Solution File, Format Version 12.00
# Visual Studio Version 16
VisualStudioVersion = 16.0.31729.503
MinimumVisualStudioVersion = 10.0.40219.1
Project("{FAE04EC0-301F-11D3-BF4B-00C04F79EFBC}") = "WpfApp2", "WpfApp2\WpfApp2.csproj", "{27C8475E-3AAF-4CC6-A00A-E218B862A5AF}"
EndProject
Global
	GlobalSection(SolutionConfigurationPlatforms) = preSolution
		Debug|Any CPU = Debug|Any CPU
		Release|Any CPU = Release|Any CPU
	EndGlobalSection
	GlobalSection(ProjectConfigurationPlatforms) = postSolution
		{27C8475E-3AAF-4CC6-A00A-E218B862A5AF}.Debug|Any CPU.ActiveCfg = Debug|Any CPU
		{27C8475E-3AAF-4CC6-A00A-E218B862A5AF}.Debug|Any CPU.Build.0 = Debug|Any CPU
		{27C8475E-3AAF-4CC6-A00A-E218B862A5AF}.Release|Any CPU.ActiveCfg = Release|Any CPU
		{27C8475E-3AAF-4CC6-A00A-E218B862A5AF}.Release|Any CPU.Build.0 = Release|Any CPU
	EndGlobalSection
	GlobalSection(SolutionProperties) = preSolution
		HideSolutionNode = FALSE
	EndGlobalSection
	GlobalSection(ExtensibilityGlobals) = postSolution
		SolutionGuid = {086D4D40-B752-4320-9CA3-8B18441FFF00}
	EndGlobalSection
EndGlobal
